
Microsoft Visual Studio Solution File, Format Version 12.00
# Visual Studio Version 17
VisualStudioVersion = 17.7.34221.43
MinimumVisualStudioVersion = 10.0.40219.1
Project("{FAE04EC0-301F-11D3-BF4B-00C04F79EFBC}") = "Haad CRM", "Haad CRM\Haad CRM.csproj", "{8A036F53-C3A5-4C08-B627-C9EFC9B85720}"
EndProject
Global
	GlobalSection(SolutionConfigurationPlatforms) = preSolution
		Debug|Any CPU = Debug|Any CPU
		Release|Any CPU = Release|Any CPU
	EndGlobalSection
	GlobalSection(ProjectConfigurationPlatforms) = postSolution
		{8A036F53-C3A5-4C08-B627-C9EFC9B85720}.Debug|Any CPU.ActiveCfg = Debug|Any CPU
		{8A036F53-C3A5-4C08-B627-C9EFC9B85720}.Debug|Any CPU.Build.0 = Debug|Any CPU
		{8A036F53-C3A5-4C08-B627-C9EFC9B85720}.Release|Any CPU.ActiveCfg = Release|Any CPU
		{8A036F53-C3A5-4C08-B627-C9EFC9B85720}.Release|Any CPU.Build.0 = Release|Any CPU
	EndGlobalSection
	GlobalSection(SolutionProperties) = preSolution
		HideSolutionNode = FALSE
	EndGlobalSection
	GlobalSection(ExtensibilityGlobals) = postSolution
		SolutionGuid = {07AA67C2-925F-497B-9122-84693364C16B}
	EndGlobalSection
EndGlobal
